
Microsoft Visual Studio Solution File, Format Version 12.00
Project("{FAE04EC0-301F-11D3-BF4B-00C04F79EFBC}") = "StudentTeacherManagement", "StudentTeacherManagement\StudentTeacherManagement.csproj", "{B5BA5C1F-C67C-419E-BD7F-6B9189088D88}"
EndProject
Project("{FAE04EC0-301F-11D3-BF4B-00C04F79EFBC}") = "StudentTeacherManagement.Core", "StudentTeacherManagement.Core\StudentTeacherManagement.Core.csproj", "{26349070-6FF5-4804-906A-9A827AF1710F}"
EndProject
Project("{FAE04EC0-301F-11D3-BF4B-00C04F79EFBC}") = "StudentTeaherManagement.Storage", "StudentTeaherManagement.Storage\StudentTeaherManagement.Storage.csproj", "{84DE9AB5-AC6A-44AE-BA03-9D899D9AF893}"
EndProject
Global
	GlobalSection(SolutionConfigurationPlatforms) = preSolution
		Debug|Any CPU = Debug|Any CPU
		Release|Any CPU = Release|Any CPU
	EndGlobalSection
	GlobalSection(ProjectConfigurationPlatforms) = postSolution
		{B5BA5C1F-C67C-419E-BD7F-6B9189088D88}.Debug|Any CPU.ActiveCfg = Debug|Any CPU
		{B5BA5C1F-C67C-419E-BD7F-6B9189088D88}.Debug|Any CPU.Build.0 = Debug|Any CPU
		{B5BA5C1F-C67C-419E-BD7F-6B9189088D88}.Release|Any CPU.ActiveCfg = Release|Any CPU
		{B5BA5C1F-C67C-419E-BD7F-6B9189088D88}.Release|Any CPU.Build.0 = Release|Any CPU
		{26349070-6FF5-4804-906A-9A827AF1710F}.Debug|Any CPU.ActiveCfg = Debug|Any CPU
		{26349070-6FF5-4804-906A-9A827AF1710F}.Debug|Any CPU.Build.0 = Debug|Any CPU
		{26349070-6FF5-4804-906A-9A827AF1710F}.Release|Any CPU.ActiveCfg = Release|Any CPU
		{26349070-6FF5-4804-906A-9A827AF1710F}.Release|Any CPU.Build.0 = Release|Any CPU
		{84DE9AB5-AC6A-44AE-BA03-9D899D9AF893}.Debug|Any CPU.ActiveCfg = Debug|Any CPU
		{84DE9AB5-AC6A-44AE-BA03-9D899D9AF893}.Debug|Any CPU.Build.0 = Debug|Any CPU
		{84DE9AB5-AC6A-44AE-BA03-9D899D9AF893}.Release|Any CPU.ActiveCfg = Release|Any CPU
		{84DE9AB5-AC6A-44AE-BA03-9D899D9AF893}.Release|Any CPU.Build.0 = Release|Any CPU
	EndGlobalSection
EndGlobal
